
Microsoft Visual Studio Solution File, Format Version 12.00
# Visual Studio Version 17
VisualStudioVersion = 17.0.31903.59
MinimumVisualStudioVersion = 10.0.40219.1
Project("{2150E333-8FDC-42A3-9474-1A3956D46DE8}") = "src", "src", "{827E0CD3-B72D-47B6-A68D-7590B98EB39B}"
EndProject
Project("{FAE04EC0-301F-11D3-BF4B-00C04F79EFBC}") = "LojaPedidos.Api", "src\LojaPedidos.Api\LojaPedidos.Api.csproj", "{F30DA89D-5594-43F6-B345-A7FE8CCA7E8A}"
EndProject
Project("{FAE04EC0-301F-11D3-BF4B-00C04F79EFBC}") = "LojaPedidos.Application", "src\LojaPedidos.Application\LojaPedidos.Application.csproj", "{2FF6F858-1543-4CCD-96C4-D5E63592582F}"
EndProject
Project("{FAE04EC0-301F-11D3-BF4B-00C04F79EFBC}") = "LojaPedidos.Domain", "src\LojaPedidos.Domain\LojaPedidos.Domain.csproj", "{F2C5515B-BCAD-4B82-AACA-98B4DB070BDC}"
EndProject
Project("{FAE04EC0-301F-11D3-BF4B-00C04F79EFBC}") = "LojaPedidos.Infrastructure", "src\LojaPedidos.Infrastructure\LojaPedidos.Infrastructure.csproj", "{0E1C2410-2F85-40BE-A360-051C22ECCC95}"
EndProject
Project("{FAE04EC0-301F-11D3-BF4B-00C04F79EFBC}") = "LojaPedidos.AppHost", "src\LojaPedidos.AppHost\LojaPedidos.AppHost.csproj", "{D743D5AA-0488-4A38-95B9-8465AF872EFE}"
EndProject
Project("{FAE04EC0-301F-11D3-BF4B-00C04F79EFBC}") = "LojaPedidos.ServiceDefaults", "src\LojaPedidos.ServiceDefaults\LojaPedidos.ServiceDefaults.csproj", "{5DE7DAE9-CC59-4578-9EAD-87F58846F2C4}"
EndProject
Project("{2150E333-8FDC-42A3-9474-1A3956D46DE8}") = "tests", "tests", "{0AB3BF05-4346-4AA6-1389-037BE0695223}"
EndProject
Project("{FAE04EC0-301F-11D3-BF4B-00C04F79EFBC}") = "LojaPedidos.UnitTests", "tests\LojaPedidos.UnitTests\LojaPedidos.UnitTests.csproj", "{86DDEA23-5D59-4611-AB7A-7AE3C6B37411}"
EndProject
Project("{FAE04EC0-301F-11D3-BF4B-00C04F79EFBC}") = "LojaPedidos.IntegrationTests", "tests\LojaPedidos.IntegrationTests\LojaPedidos.IntegrationTests.csproj", "{5C2C2FDB-106E-40C5-AAC1-4377B5341010}"
EndProject
Project("{FAE04EC0-301F-11D3-BF4B-00C04F79EFBC}") = "LojaPedidos.Web", "src\LojaPedidos.Web\LojaPedidos.Web.csproj", "{9465773C-D8F7-4F99-8DB4-0165F6AEE39A}"
EndProject
Global
	GlobalSection(SolutionConfigurationPlatforms) = preSolution
		Debug|Any CPU = Debug|Any CPU
		Debug|x64 = Debug|x64
		Debug|x86 = Debug|x86
		Release|Any CPU = Release|Any CPU
		Release|x64 = Release|x64
		Release|x86 = Release|x86
	EndGlobalSection
	GlobalSection(ProjectConfigurationPlatforms) = postSolution
		{F30DA89D-5594-43F6-B345-A7FE8CCA7E8A}.Debug|Any CPU.ActiveCfg = Debug|Any CPU
		{F30DA89D-5594-43F6-B345-A7FE8CCA7E8A}.Debug|Any CPU.Build.0 = Debug|Any CPU
		{F30DA89D-5594-43F6-B345-A7FE8CCA7E8A}.Debug|x64.ActiveCfg = Debug|Any CPU
		{F30DA89D-5594-43F6-B345-A7FE8CCA7E8A}.Debug|x64.Build.0 = Debug|Any CPU
		{F30DA89D-5594-43F6-B345-A7FE8CCA7E8A}.Debug|x86.ActiveCfg = Debug|Any CPU
		{F30DA89D-5594-43F6-B345-A7FE8CCA7E8A}.Debug|x86.Build.0 = Debug|Any CPU
		{F30DA89D-5594-43F6-B345-A7FE8CCA7E8A}.Release|Any CPU.ActiveCfg = Release|Any CPU
		{F30DA89D-5594-43F6-B345-A7FE8CCA7E8A}.Release|Any CPU.Build.0 = Release|Any CPU
		{F30DA89D-5594-43F6-B345-A7FE8CCA7E8A}.Release|x64.ActiveCfg = Release|Any CPU
		{F30DA89D-5594-43F6-B345-A7FE8CCA7E8A}.Release|x64.Build.0 = Release|Any CPU
		{F30DA89D-5594-43F6-B345-A7FE8CCA7E8A}.Release|x86.ActiveCfg = Release|Any CPU
		{F30DA89D-5594-43F6-B345-A7FE8CCA7E8A}.Release|x86.Build.0 = Release|Any CPU
		{2FF6F858-1543-4CCD-96C4-D5E63592582F}.Debug|Any CPU.ActiveCfg = Debug|Any CPU
		{2FF6F858-1543-4CCD-96C4-D5E63592582F}.Debug|Any CPU.Build.0 = Debug|Any CPU
		{2FF6F858-1543-4CCD-96C4-D5E63592582F}.Debug|x64.ActiveCfg = Debug|Any CPU
		{2FF6F858-1543-4CCD-96C4-D5E63592582F}.Debug|x64.Build.0 = Debug|Any CPU
		{2FF6F858-1543-4CCD-96C4-D5E63592582F}.Debug|x86.ActiveCfg = Debug|Any CPU
		{2FF6F858-1543-4CCD-96C4-D5E63592582F}.Debug|x86.Build.0 = Debug|Any CPU
		{2FF6F858-1543-4CCD-96C4-D5E63592582F}.Release|Any CPU.ActiveCfg = Release|Any CPU
		{2FF6F858-1543-4CCD-96C4-D5E63592582F}.Release|Any CPU.Build.0 = Release|Any CPU
		{2FF6F858-1543-4CCD-96C4-D5E63592582F}.Release|x64.ActiveCfg = Release|Any CPU
		{2FF6F858-1543-4CCD-96C4-D5E63592582F}.Release|x64.Build.0 = Release|Any CPU
		{2FF6F858-1543-4CCD-96C4-D5E63592582F}.Release|x86.ActiveCfg = Release|Any CPU
		{2FF6F858-1543-4CCD-96C4-D5E63592582F}.Release|x86.Build.0 = Release|Any CPU
		{F2C5515B-BCAD-4B82-AACA-98B4DB070BDC}.Debug|Any CPU.ActiveCfg = Debug|Any CPU
		{F2C5515B-BCAD-4B82-AACA-98B4DB070BDC}.Debug|Any CPU.Build.0 = Debug|Any CPU
		{F2C5515B-BCAD-4B82-AACA-98B4DB070BDC}.Debug|x64.ActiveCfg = Debug|Any CPU
		{F2C5515B-BCAD-4B82-AACA-98B4DB070BDC}.Debug|x64.Build.0 = Debug|Any CPU
		{F2C5515B-BCAD-4B82-AACA-98B4DB070BDC}.Debug|x86.ActiveCfg = Debug|Any CPU
		{F2C5515B-BCAD-4B82-AACA-98B4DB070BDC}.Debug|x86.Build.0 = Debug|Any CPU
		{F2C5515B-BCAD-4B82-AACA-98B4DB070BDC}.Release|Any CPU.ActiveCfg = Release|Any CPU
		{F2C5515B-BCAD-4B82-AACA-98B4DB070BDC}.Release|Any CPU.Build.0 = Release|Any CPU
		{F2C5515B-BCAD-4B82-AACA-98B4DB070BDC}.Release|x64.ActiveCfg = Release|Any CPU
		{F2C5515B-BCAD-4B82-AACA-98B4DB070BDC}.Release|x64.Build.0 = Release|Any CPU
		{F2C5515B-BCAD-4B82-AACA-98B4DB070BDC}.Release|x86.ActiveCfg = Release|Any CPU
		{F2C5515B-BCAD-4B82-AACA-98B4DB070BDC}.Release|x86.Build.0 = Release|Any CPU
		{0E1C2410-2F85-40BE-A360-051C22ECCC95}.Debug|Any CPU.ActiveCfg = Debug|Any CPU
		{0E1C2410-2F85-40BE-A360-051C22ECCC95}.Debug|Any CPU.Build.0 = Debug|Any CPU
		{0E1C2410-2F85-40BE-A360-051C22ECCC95}.Debug|x64.ActiveCfg = Debug|Any CPU
		{0E1C2410-2F85-40BE-A360-051C22ECCC95}.Debug|x64.Build.0 = Debug|Any CPU
		{0E1C2410-2F85-40BE-A360-051C22ECCC95}.Debug|x86.ActiveCfg = Debug|Any CPU
		{0E1C2410-2F85-40BE-A360-051C22ECCC95}.Debug|x86.Build.0 = Debug|Any CPU
		{0E1C2410-2F85-40BE-A360-051C22ECCC95}.Release|Any CPU.ActiveCfg = Release|Any CPU
		{0E1C2410-2F85-40BE-A360-051C22ECCC95}.Release|Any CPU.Build.0 = Release|Any CPU
		{0E1C2410-2F85-40BE-A360-051C22ECCC95}.Release|x64.ActiveCfg = Release|Any CPU
		{0E1C2410-2F85-40BE-A360-051C22ECCC95}.Release|x64.Build.0 = Release|Any CPU
		{0E1C2410-2F85-40BE-A360-051C22ECCC95}.Release|x86.ActiveCfg = Release|Any CPU
		{0E1C2410-2F85-40BE-A360-051C22ECCC95}.Release|x86.Build.0 = Release|Any CPU
		{D743D5AA-0488-4A38-95B9-8465AF872EFE}.Debug|Any CPU.ActiveCfg = Debug|Any CPU
		{D743D5AA-0488-4A38-95B9-8465AF872EFE}.Debug|Any CPU.Build.0 = Debug|Any CPU
		{D743D5AA-0488-4A38-95B9-8465AF872EFE}.Debug|x64.ActiveCfg = Debug|Any CPU
		{D743D5AA-0488-4A38-95B9-8465AF872EFE}.Debug|x64.Build.0 = Debug|Any CPU
		{D743D5AA-0488-4A38-95B9-8465AF872EFE}.Debug|x86.ActiveCfg = Debug|Any CPU
		{D743D5AA-0488-4A38-95B9-8465AF872EFE}.Debug|x86.Build.0 = Debug|Any CPU
		{D743D5AA-0488-4A38-95B9-8465AF872EFE}.Release|Any CPU.ActiveCfg = Release|Any CPU
		{D743D5AA-0488-4A38-95B9-8465AF872EFE}.Release|Any CPU.Build.0 = Release|Any CPU
		{D743D5AA-0488-4A38-95B9-8465AF872EFE}.Release|x64.ActiveCfg = Release|Any CPU
		{D743D5AA-0488-4A38-95B9-8465AF872EFE}.Release|x64.Build.0 = Release|Any CPU
		{D743D5AA-0488-4A38-95B9-8465AF872EFE}.Release|x86.ActiveCfg = Release|Any CPU
		{D743D5AA-0488-4A38-95B9-8465AF872EFE}.Release|x86.Build.0 = Release|Any CPU
		{5DE7DAE9-CC59-4578-9EAD-87F58846F2C4}.Debug|Any CPU.ActiveCfg = Debug|Any CPU
		{5DE7DAE9-CC59-4578-9EAD-87F58846F2C4}.Debug|Any CPU.Build.0 = Debug|Any CPU
		{5DE7DAE9-CC59-4578-9EAD-87F58846F2C4}.Debug|x64.ActiveCfg = Debug|Any CPU
		{5DE7DAE9-CC59-4578-9EAD-87F58846F2C4}.Debug|x64.Build.0 = Debug|Any CPU
		{5DE7DAE9-CC59-4578-9EAD-87F58846F2C4}.Debug|x86.ActiveCfg = Debug|Any CPU
		{5DE7DAE9-CC59-4578-9EAD-87F58846F2C4}.Debug|x86.Build.0 = Debug|Any CPU
		{5DE7DAE9-CC59-4578-9EAD-87F58846F2C4}.Release|Any CPU.ActiveCfg = Release|Any CPU
		{5DE7DAE9-CC59-4578-9EAD-87F58846F2C4}.Release|Any CPU.Build.0 = Release|Any CPU
		{5DE7DAE9-CC59-4578-9EAD-87F58846F2C4}.Release|x64.ActiveCfg = Release|Any CPU
		{5DE7DAE9-CC59-4578-9EAD-87F58846F2C4}.Release|x64.Build.0 = Release|Any CPU
		{5DE7DAE9-CC59-4578-9EAD-87F58846F2C4}.Release|x86.ActiveCfg = Release|Any CPU
		{5DE7DAE9-CC59-4578-9EAD-87F58846F2C4}.Release|x86.Build.0 = Release|Any CPU
		{86DDEA23-5D59-4611-AB7A-7AE3C6B37411}.Debug|Any CPU.ActiveCfg = Debug|Any CPU
		{86DDEA23-5D59-4611-AB7A-7AE3C6B37411}.Debug|Any CPU.Build.0 = Debug|Any CPU
		{86DDEA23-5D59-4611-AB7A-7AE3C6B37411}.Debug|x64.ActiveCfg = Debug|Any CPU
		{86DDEA23-5D59-4611-AB7A-7AE3C6B37411}.Debug|x64.Build.0 = Debug|Any CPU
		{86DDEA23-5D59-4611-AB7A-7AE3C6B37411}.Debug|x86.ActiveCfg = Debug|Any CPU
		{86DDEA23-5D59-4611-AB7A-7AE3C6B37411}.Debug|x86.Build.0 = Debug|Any CPU
		{86DDEA23-5D59-4611-AB7A-7AE3C6B37411}.Release|Any CPU.ActiveCfg = Release|Any CPU
		{86DDEA23-5D59-4611-AB7A-7AE3C6B37411}.Release|Any CPU.Build.0 = Release|Any CPU
		{86DDEA23-5D59-4611-AB7A-7AE3C6B37411}.Release|x64.ActiveCfg = Release|Any CPU
		{86DDEA23-5D59-4611-AB7A-7AE3C6B37411}.Release|x64.Build.0 = Release|Any CPU
		{86DDEA23-5D59-4611-AB7A-7AE3C6B37411}.Release|x86.ActiveCfg = Release|Any CPU
		{86DDEA23-5D59-4611-AB7A-7AE3C6B37411}.Release|x86.Build.0 = Release|Any CPU
		{5C2C2FDB-106E-40C5-AAC1-4377B5341010}.Debug|Any CPU.ActiveCfg = Debug|Any CPU
		{5C2C2FDB-106E-40C5-AAC1-4377B5341010}.Debug|Any CPU.Build.0 = Debug|Any CPU
		{5C2C2FDB-106E-40C5-AAC1-4377B5341010}.Debug|x64.ActiveCfg = Debug|Any CPU
		{5C2C2FDB-106E-40C5-AAC1-4377B5341010}.Debug|x64.Build.0 = Debug|Any CPU
		{5C2C2FDB-106E-40C5-AAC1-4377B5341010}.Debug|x86.ActiveCfg = Debug|Any CPU
		{5C2C2FDB-106E-40C5-AAC1-4377B5341010}.Debug|x86.Build.0 = Debug|Any CPU
		{5C2C2FDB-106E-40C5-AAC1-4377B5341010}.Release|Any CPU.ActiveCfg = Release|Any CPU
		{5C2C2FDB-106E-40C5-AAC1-4377B5341010}.Release|Any CPU.Build.0 = Release|Any CPU
		{5C2C2FDB-106E-40C5-AAC1-4377B5341010}.Release|x64.ActiveCfg = Release|Any CPU
		{5C2C2FDB-106E-40C5-AAC1-4377B5341010}.Release|x64.Build.0 = Release|Any CPU
		{5C2C2FDB-106E-40C5-AAC1-4377B5341010}.Release|x86.ActiveCfg = Release|Any CPU
		{5C2C2FDB-106E-40C5-AAC1-4377B5341010}.Release|x86.Build.0 = Release|Any CPU
		{9465773C-D8F7-4F99-8DB4-0165F6AEE39A}.Debug|Any CPU.ActiveCfg = Debug|Any CPU
		{9465773C-D8F7-4F99-8DB4-0165F6AEE39A}.Debug|Any CPU.Build.0 = Debug|Any CPU
		{9465773C-D8F7-4F99-8DB4-0165F6AEE39A}.Debug|x64.ActiveCfg = Debug|Any CPU
		{9465773C-D8F7-4F99-8DB4-0165F6AEE39A}.Debug|x64.Build.0 = Debug|Any CPU
		{9465773C-D8F7-4F99-8DB4-0165F6AEE39A}.Debug|x86.ActiveCfg = Debug|Any CPU
		{9465773C-D8F7-4F99-8DB4-0165F6AEE39A}.Debug|x86.Build.0 = Debug|Any CPU
		{9465773C-D8F7-4F99-8DB4-0165F6AEE39A}.Release|Any CPU.ActiveCfg = Release|Any CPU
		{9465773C-D8F7-4F99-8DB4-0165F6AEE39A}.Release|Any CPU.Build.0 = Release|Any CPU
		{9465773C-D8F7-4F99-8DB4-0165F6AEE39A}.Release|x64.ActiveCfg = Release|Any CPU
		{9465773C-D8F7-4F99-8DB4-0165F6AEE39A}.Release|x64.Build.0 = Release|Any CPU
		{9465773C-D8F7-4F99-8DB4-0165F6AEE39A}.Release|x86.ActiveCfg = Release|Any CPU
		{9465773C-D8F7-4F99-8DB4-0165F6AEE39A}.Release|x86.Build.0 = Release|Any CPU
	EndGlobalSection
	GlobalSection(SolutionProperties) = preSolution
		HideSolutionNode = FALSE
	EndGlobalSection
	GlobalSection(NestedProjects) = preSolution
		{F30DA89D-5594-43F6-B345-A7FE8CCA7E8A} = {827E0CD3-B72D-47B6-A68D-7590B98EB39B}
		{2FF6F858-1543-4CCD-96C4-D5E63592582F} = {827E0CD3-B72D-47B6-A68D-7590B98EB39B}
		{F2C5515B-BCAD-4B82-AACA-98B4DB070BDC} = {827E0CD3-B72D-47B6-A68D-7590B98EB39B}
		{0E1C2410-2F85-40BE-A360-051C22ECCC95} = {827E0CD3-B72D-47B6-A68D-7590B98EB39B}
		{D743D5AA-0488-4A38-95B9-8465AF872EFE} = {827E0CD3-B72D-47B6-A68D-7590B98EB39B}
		{5DE7DAE9-CC59-4578-9EAD-87F58846F2C4} = {827E0CD3-B72D-47B6-A68D-7590B98EB39B}
		{86DDEA23-5D59-4611-AB7A-7AE3C6B37411} = {0AB3BF05-4346-4AA6-1389-037BE0695223}
		{5C2C2FDB-106E-40C5-AAC1-4377B5341010} = {0AB3BF05-4346-4AA6-1389-037BE0695223}
		{9465773C-D8F7-4F99-8DB4-0165F6AEE39A} = {827E0CD3-B72D-47B6-A68D-7590B98EB39B}
	EndGlobalSection
EndGlobal
